// !$*UTF8*$!
{
	archiveVersion = 1;
	classes = {
	};
	objectVersion = 50;
	objects = {

/* Begin PBXBuildFile section */
		224E52D72077237E00EA8983 /* AppDelegate.swift in Sources */ = {isa = PBXBuildFile; fileRef = 224E52D62077237E00EA8983 /* AppDelegate.swift */; };
		224E52D92077237E00EA8983 /* ViewController.swift in Sources */ = {isa = PBXBuildFile; fileRef = 224E52D82077237E00EA8983 /* ViewController.swift */; };
		224E52DC2077237E00EA8983 /* Main.storyboard in Resources */ = {isa = PBXBuildFile; fileRef = 224E52DA2077237E00EA8983 /* Main.storyboard */; };
		224E52DE2077238700EA8983 /* Assets.xcassets in Resources */ = {isa = PBXBuildFile; fileRef = 224E52DD2077238700EA8983 /* Assets.xcassets */; };
		224E52E12077238700EA8983 /* LaunchScreen.storyboard in Resources */ = {isa = PBXBuildFile; fileRef = 224E52DF2077238700EA8983 /* LaunchScreen.storyboard */; };
		224E52EC2077238700EA8983 /* quizTests.swift in Sources */ = {isa = PBXBuildFile; fileRef = 224E52EB2077238700EA8983 /* quizTests.swift */; };
		224E52F72077238700EA8983 /* quizUITests.swift in Sources */ = {isa = PBXBuildFile; fileRef = 224E52F62077238700EA8983 /* quizUITests.swift */; };
/* End PBXBuildFile section */

/* Begin PBXContainerItemProxy section */
		224E52E82077238700EA8983 /* PBXContainerItemProxy */ = {
			isa = PBXContainerItemProxy;
			containerPortal = 224E52CB2077237D00EA8983 /* Project object */;
			proxyType = 1;
			remoteGlobalIDString = 224E52D22077237D00EA8983;
			remoteInfo = quiz;
		};
		224E52F32077238700EA8983 /* PBXContainerItemProxy */ = {
			isa = PBXContainerItemProxy;
			containerPortal = 224E52CB2077237D00EA8983 /* Project object */;
			proxyType = 1;
			remoteGlobalIDString = 224E52D22077237D00EA8983;
			remoteInfo = quiz;
		};
/* End PBXContainerItemProxy section */

/* Begin PBXFileReference section */
		224E52D32077237D00EA8983 /* quiz.app */ = {isa = PBXFileReference; explicitFileType = wrapper.application; includeInIndex = 0; path = quiz.app; sourceTree = BUILT_PRODUCTS_DIR; };
		224E52D62077237E00EA8983 /* AppDelegate.swift */ = {isa = PBXFileReference; lastKnownFileType = sourcecode.swift; path = AppDelegate.swift; sourceTree = "<group>"; };
		224E52D82077237E00EA8983 /* ViewController.swift */ = {isa = PBXFileReference; lastKnownFileType = sourcecode.swift; path = ViewController.swift; sourceTree = "<group>"; };
		224E52DB2077237E00EA8983 /* Base */ = {isa = PBXFileReference; lastKnownFileType = file.storyboard; name = Base; path = Base.lproj/Main.storyboard; sourceTree = "<group>"; };
		224E52DD2077238700EA8983 /* Assets.xcassets */ = {isa = PBXFileReference; lastKnownFileType = folder.assetcatalog; path = Assets.xcassets; sourceTree = "<group>"; };
		224E52E02077238700EA8983 /* Base */ = {isa = PBXFileReference; lastKnownFileType = file.storyboard; name = Base; path = Base.lproj/LaunchScreen.storyboard; sourceTree = "<group>"; };
		224E52E22077238700EA8983 /* Info.plist */ = {isa = PBXFileReference; lastKnownFileType = text.plist.xml; path = Info.plist; sourceTree = "<group>"; };
		224E52E72077238700EA8983 /* quizTests.xctest */ = {isa = PBXFileReference; explicitFileType = wrapper.cfbundle; includeInIndex = 0; path = quizTests.xctest; sourceTree = BUILT_PRODUCTS_DIR; };
		224E52EB2077238700EA8983 /* quizTests.swift */ = {isa = PBXFileReference; lastKnownFileType = sourcecode.swift; path = quizTests.swift; sourceTree = "<group>"; };
		224E52ED2077238700EA8983 /* Info.plist */ = {isa = PBXFileReference; lastKnownFileType = text.plist.xml; path = Info.plist; sourceTree = "<group>"; };
		224E52F22077238700EA8983 /* quizUITests.xctest */ = {isa = PBXFileReference; explicitFileType = wrapper.cfbundle; includeInIndex = 0; path = quizUITests.xctest; sourceTree = BUILT_PRODUCTS_DIR; };
		224E52F62077238700EA8983 /* quizUITests.swift */ = {isa = PBXFileReference; lastKnownFileType = sourcecode.swift; path = quizUITests.swift; sourceTree = "<group>"; };
		224E52F82077238700EA8983 /* Info.plist */ = {isa = PBXFileReference; lastKnownFileType = text.plist.xml; path = Info.plist; sourceTree = "<group>"; };
/* End PBXFileReference section */

/* Begin PBXFrameworksBuildPhase section */
		224E52D02077237D00EA8983 /* Frameworks */ = {
			isa = PBXFrameworksBuildPhase;
			buildActionMask = 2147483647;
			files = (
			);
			runOnlyForDeploymentPostprocessing = 0;
		};
		224E52E42077238700EA8983 /* Frameworks */ = {
			isa = PBXFrameworksBuildPhase;
			buildActionMask = 2147483647;
			files = (
			);
			runOnlyForDeploymentPostprocessing = 0;
		};
		224E52EF2077238700EA8983 /* Frameworks */ = {
			isa = PBXFrameworksBuildPhase;
			buildActionMask = 2147483647;
			files = (
			);
			runOnlyForDeploymentPostprocessing = 0;
		};
/* End PBXFrameworksBuildPhase section */

/* Begin PBXGroup section */
		224E52CA2077237D00EA8983 = {
			isa = PBXGroup;
			children = (
				224E52D52077237D00EA8983 /* quiz */,
				224E52EA2077238700EA8983 /* quizTests */,
				224E52F52077238700EA8983 /* quizUITests */,
				224E52D42077237D00EA8983 /* Products */,
			);
			sourceTree = "<group>";
		};
		224E52D42077237D00EA8983 /* Products */ = {
			isa = PBXGroup;
			children = (
				224E52D32077237D00EA8983 /* quiz.app */,
				224E52E72077238700EA8983 /* quizTests.xctest */,
				224E52F22077238700EA8983 /* quizUITests.xctest */,
			);
			name = Products;
			sourceTree = "<group>";
		};
		224E52D52077237D00EA8983 /* quiz */ = {
			isa = PBXGroup;
			children = (
				224E52D62077237E00EA8983 /* AppDelegate.swift */,
				224E52D82077237E00EA8983 /* ViewController.swift */,
				224E52DA2077237E00EA8983 /* Main.storyboard */,
				224E52DD2077238700EA8983 /* Assets.xcassets */,
				224E52DF2077238700EA8983 /* LaunchScreen.storyboard */,
				224E52E22077238700EA8983 /* Info.plist */,
			);
			path = quiz;
			sourceTree = "<group>";
		};
		224E52EA2077238700EA8983 /* quizTests */ = {
			isa = PBXGroup;
			children = (
				224E52EB2077238700EA8983 /* quizTests.swift */,
				224E52ED2077238700EA8983 /* Info.plist */,
			);
			path = quizTests;
			sourceTree = "<group>";
		};
		224E52F52077238700EA8983 /* quizUITests */ = {
			isa = PBXGroup;
			children = (
				224E52F62077238700EA8983 /* quizUITests.swift */,
				224E52F82077238700EA8983 /* Info.plist */,
			);
			path = quizUITests;
			sourceTree = "<group>";
		};
/* End PBXGroup section */

/* Begin PBXNativeTarget section */
		224E52D22077237D00EA8983 /* quiz */ = {
			isa = PBXNativeTarget;
			buildConfigurationList = 224E52FB2077238700EA8983 /* Build configuration list for PBXNativeTarget "quiz" */;
			buildPhases = (
				224E52CF2077237D00EA8983 /* Sources */,
				224E52D02077237D00EA8983 /* Frameworks */,
				224E52D12077237D00EA8983 /* Resources */,
			);
			buildRules = (
			);
			dependencies = (
			);
			name = quiz;
			productName = quiz;
			productReference = 224E52D32077237D00EA8983 /* quiz.app */;
			productType = "com.apple.product-type.application";
		};
		224E52E62077238700EA8983 /* quizTests */ = {
			isa = PBXNativeTarget;
			buildConfigurationList = 224E52FE2077238700EA8983 /* Build configuration list for PBXNativeTarget "quizTests" */;
			buildPhases = (
				224E52E32077238700EA8983 /* Sources */,
				224E52E42077238700EA8983 /* Frameworks */,
				224E52E52077238700EA8983 /* Resources */,
			);
			buildRules = (
			);
			dependencies = (
				224E52E92077238700EA8983 /* PBXTargetDependency */,
			);
			name = quizTests;
			productName = quizTests;
			productReference = 224E52E72077238700EA8983 /* quizTests.xctest */;
			productType = "com.apple.product-type.bundle.unit-test";
		};
		224E52F12077238700EA8983 /* quizUITests */ = {
			isa = PBXNativeTarget;
			buildConfigurationList = 224E53012077238700EA8983 /* Build configuration list for PBXNativeTarget "quizUITests" */;
			buildPhases = (
				224E52EE2077238700EA8983 /* Sources */,
				224E52EF2077238700EA8983 /* Frameworks */,
				224E52F02077238700EA8983 /* Resources */,
			);
			buildRules = (
			);
			dependencies = (
				224E52F42077238700EA8983 /* PBXTargetDependency */,
			);
			name = quizUITests;
			productName = quizUITests;
			productReference = 224E52F22077238700EA8983 /* quizUITests.xctest */;
			productType = "com.apple.product-type.bundle.ui-testing";
		};
/* End PBXNativeTarget section */

/* Begin PBXProject section */
		224E52CB2077237D00EA8983 /* Project object */ = {
			isa = PBXProject;
			attributes = {
				LastSwiftUpdateCheck = 0930;
				LastUpgradeCheck = 0930;
				ORGANIZATIONNAME = MacOs;
				TargetAttributes = {
					224E52D22077237D00EA8983 = {
						CreatedOnToolsVersion = 9.3;
					};
					224E52E62077238700EA8983 = {
						CreatedOnToolsVersion = 9.3;
						TestTargetID = 224E52D22077237D00EA8983;
					};
					224E52F12077238700EA8983 = {
						CreatedOnToolsVersion = 9.3;
						TestTargetID = 224E52D22077237D00EA8983;
					};
				};
			};
			buildConfigurationList = 224E52CE2077237D00EA8983 /* Build configuration list for PBXProject "quiz" */;
			compatibilityVersion = "Xcode 9.3";
			developmentRegion = en;
			hasScannedForEncodings = 0;
			knownRegions = (
				en,
				Base,
			);
			mainGroup = 224E52CA2077237D00EA8983;
			productRefGroup = 224E52D42077237D00EA8983 /* Products */;
			projectDirPath = "";
			projectRoot = "";
			targets = (
				224E52D22077237D00EA8983 /* quiz */,
				224E52E62077238700EA8983 /* quizTests */,
				224E52F12077238700EA8983 /* quizUITests */,
			);
		};
/* End PBXProject section */

/* Begin PBXResourcesBuildPhase section */
		224E52D12077237D00EA8983 /* Resources */ = {
			isa = PBXResourcesBuildPhase;
			buildActionMask = 2147483647;
			files = (
				224E52E12077238700EA8983 /* LaunchScreen.storyboard in Resources */,
				224E52DE2077238700EA8983 /* Assets.xcassets in Resources */,
				224E52DC2077237E00EA8983 /* Main.storyboard in Resources */,
			);
			runOnlyForDeploymentPostprocessing = 0;
		};
		224E52E52077238700EA8983 /* Resources */ = {
			isa = PBXResourcesBuildPhase;
			buildActionMask = 2147483647;
			files = (
			);
			runOnlyForDeploymentPostprocessing = 0;
		};
		224E52F02077238700EA8983 /* Resources */ = {
			isa = PBXResourcesBuildPhase;
			buildActionMask = 2147483647;
			files = (
			);
			runOnlyForDeploymentPostprocessing = 0;
		};
/* End PBXResourcesBuildPhase section */

/* Begin PBXSourcesBuildPhase section */
		224E52CF2077237D00EA8983 /* Sources */ = {
			isa = PBXSourcesBuildPhase;
			buildActionMask = 2147483647;
			files = (
				224E52D92077237E00EA8983 /* ViewController.swift in Sources */,
				224E52D72077237E00EA8983 /* AppDelegate.swift in Sources */,
			);
			runOnlyForDeploymentPostprocessing = 0;
		};
		224E52E32077238700EA8983 /* Sources */ = {
			isa = PBXSourcesBuildPhase;
			buildActionMask = 2147483647;
			files = (
				224E52EC2077238700EA8983 /* quizTests.swift in Sources */,
			);
			runOnlyForDeploymentPostprocessing = 0;
		};
		224E52EE2077238700EA8983 /* Sources */ = {
			isa = PBXSourcesBuildPhase;
			buildActionMask = 2147483647;
			files = (
				224E52F72077238700EA8983 /* quizUITests.swift in Sources */,
			);
			runOnlyForDeploymentPostprocessing = 0;
		};
/* End PBXSourcesBuildPhase section */

/* Begin PBXTargetDependency section */
		224E52E92077238700EA8983 /* PBXTargetDependency */ = {
			isa = PBXTargetDependency;
			target = 224E52D22077237D00EA8983 /* quiz */;
			targetProxy = 224E52E82077238700EA8983 /* PBXContainerItemProxy */;
		};
		224E52F42077238700EA8983 /* PBXTargetDependency */ = {
			isa = PBXTargetDependency;
			target = 224E52D22077237D00EA8983 /* quiz */;
			targetProxy = 224E52F32077238700EA8983 /* PBXContainerItemProxy */;
		};
/* End PBXTargetDependency section */

/* Begin PBXVariantGroup section */
		224E52DA2077237E00EA8983 /* Main.storyboard */ = {
			isa = PBXVariantGroup;
			children = (
				224E52DB2077237E00EA8983 /* Base */,
			);
			name = Main.storyboard;
			sourceTree = "<group>";
		};
		224E52DF2077238700EA8983 /* LaunchScreen.storyboard */ = {
			isa = PBXVariantGroup;
			children = (
				224E52E02077238700EA8983 /* Base */,
			);
			name = LaunchScreen.storyboard;
			sourceTree = "<group>";
		};
/* End PBXVariantGroup section */

/* Begin XCBuildConfiguration section */
		224E52F92077238700EA8983 /* Debug */ = {
			isa = XCBuildConfiguration;
			buildSettings = {
				ALWAYS_SEARCH_USER_PATHS = NO;
				CLANG_ANALYZER_NONNULL = YES;
				CLANG_ANALYZER_NUMBER_OBJECT_CONVERSION = YES_AGGRESSIVE;
				CLANG_CXX_LANGUAGE_STANDARD = "gnu++14";
				CLANG_CXX_LIBRARY = "libc++";
				CLANG_ENABLE_MODULES = YES;
				CLANG_ENABLE_OBJC_ARC = YES;
				CLANG_ENABLE_OBJC_WEAK = YES;
				CLANG_WARN_BLOCK_CAPTURE_AUTORELEASING = YES;
				CLANG_WARN_BOOL_CONVERSION = YES;
				CLANG_WARN_COMMA = YES;
				CLANG_WARN_CONSTANT_CONVERSION = YES;
				CLANG_WARN_DEPRECATED_OBJC_IMPLEMENTATIONS = YES;
				CLANG_WARN_DIRECT_OBJC_ISA_USAGE = YES_ERROR;
				CLANG_WARN_DOCUMENTATION_COMMENTS = YES;
				CLANG_WARN_EMPTY_BODY = YES;
				CLANG_WARN_ENUM_CONVERSION = YES;
				CLANG_WARN_INFINITE_RECURSION = YES;
				CLANG_WARN_INT_CONVERSION = YES;
				CLANG_WARN_NON_LITERAL_NULL_CONVERSION = YES;
				CLANG_WARN_OBJC_IMPLICIT_RETAIN_SELF = YES;
				CLANG_WARN_OBJC_LITERAL_CONVERSION = YES;
				CLANG_WARN_OBJC_ROOT_CLASS = YES_ERROR;
				CLANG_WARN_RANGE_LOOP_ANALYSIS = YES;
				CLANG_WARN_STRICT_PROTOTYPES = YES;
				CLANG_WARN_SUSPICIOUS_MOVE = YES;
				CLANG_WARN_UNGUARDED_AVAILABILITY = YES_AGGRESSIVE;
				CLANG_WARN_UNREACHABLE_CODE = YES;
				CLANG_WARN__DUPLICATE_METHOD_MATCH = YES;
				CODE_SIGN_IDENTITY = "iPhone Developer";
				COPY_PHASE_STRIP = NO;
				DEBUG_INFORMATION_FORMAT = dwarf;
				ENABLE_STRICT_OBJC_MSGSEND = YES;
				ENABLE_TESTABILITY = YES;
				GCC_C_LANGUAGE_STANDARD = gnu11;
				GCC_DYNAMIC_NO_PIC = NO;
				GCC_NO_COMMON_BLOCKS = YES;
				GCC_OPTIMIZATION_LEVEL = 0;
				GCC_PREPROCESSOR_DEFINITIONS = (
					"DEBUG=1",
					"$(inherited)",
				);
				GCC_WARN_64_TO_32_BIT_CONVERSION = YES;
				GCC_WARN_ABOUT_RETURN_TYPE = YES_ERROR;
				GCC_WARN_UNDECLARED_SELECTOR = YES;
				GCC_WARN_UNINITIALIZED_AUTOS = YES_AGGRESSIVE;
				GCC_WARN_UNUSED_FUNCTION = YES;
				GCC_WARN_UNUSED_VARIABLE = YES;
				IPHONEOS_DEPLOYMENT_TARGET = 11.3;
				MTL_ENABLE_DEBUG_INFO = YES;
				ONLY_ACTIVE_ARCH = YES;
				SDKROOT = iphoneos;
				SWIFT_ACTIVE_COMPILATION_CONDITIONS = DEBUG;
				SWIFT_OPTIMIZATION_LEVEL = "-Onone";
			};
			name = Debug;
		};
		224E52FA2077238700EA8983 /* Release */ = {
			isa = XCBuildConfiguration;
			buildSettings = {
				ALWAYS_SEARCH_USER_PATHS = NO;
				CLANG_ANALYZER_NONNULL = YES;
				CLANG_ANALYZER_NUMBER_OBJECT_CONVERSION = YES_AGGRESSIVE;
				CLANG_CXX_LANGUAGE_STANDARD = "gnu++14";
				CLANG_CXX_LIBRARY = "libc++";
				CLANG_ENABLE_MODULES = YES;
				CLANG_ENABLE_OBJC_ARC = YES;
				CLANG_ENABLE_OBJC_WEAK = YES;
				CLANG_WARN_BLOCK_CAPTURE_AUTORELEASING = YES;
				CLANG_WARN_BOOL_CONVERSION = YES;
				CLANG_WARN_COMMA = YES;
				CLANG_WARN_CONSTANT_CONVERSION = YES;
				CLANG_WARN_DEPRECATED_OBJC_IMPLEMENTATIONS = YES;
				CLANG_WARN_DIRECT_OBJC_ISA_USAGE = YES_ERROR;
				CLANG_WARN_DOCUMENTATION_COMMENTS = YES;
				CLANG_WARN_EMPTY_BODY = YES;
				CLANG_WARN_ENUM_CONVERSION = YES;
				CLANG_WARN_INFINITE_RECURSION = YES;
				CLANG_WARN_INT_CONVERSION = YES;
				CLANG_WARN_NON_LITERAL_NULL_CONVERSION = YES;
				CLANG_WARN_OBJC_IMPLICIT_RETAIN_SELF = YES;
				CLANG_WARN_OBJC_LITERAL_CONVERSION = YES;
				CLANG_WARN_OBJC_ROOT_CLASS = YES_ERROR;
				CLANG_WARN_RANGE_LOOP_ANALYSIS = YES;
				CLANG_WARN_STRICT_PROTOTYPES = YES;
				CLANG_WARN_SUSPICIOUS_MOVE = YES;
				CLANG_WARN_UNGUARDED_AVAILABILITY = YES_AGGRESSIVE;
				CLANG_WARN_UNREACHABLE_CODE = YES;
				CLANG_WARN__DUPLICATE_METHOD_MATCH = YES;
				CODE_SIGN_IDENTITY = "iPhone Developer";
				COPY_PHASE_STRIP = NO;
				DEBUG_INFORMATION_FORMAT = "dwarf-with-dsym";
				ENABLE_NS_ASSERTIONS = NO;
				ENABLE_STRICT_OBJC_MSGSEND = YES;
				GCC_C_LANGUAGE_STANDARD = gnu11;
				GCC_NO_COMMON_BLOCKS = YES;
				GCC_WARN_64_TO_32_BIT_CONVERSION = YES;
				GCC_WARN_ABOUT_RETURN_TYPE = YES_ERROR;
				GCC_WARN_UNDECLARED_SELECTOR = YES;
				GCC_WARN_UNINITIALIZED_AUTOS = YES_AGGRESSIVE;
				GCC_WARN_UNUSED_FUNCTION = YES;
				GCC_WARN_UNUSED_VARIABLE = YES;
				IPHONEOS_DEPLOYMENT_TARGET = 11.3;
				MTL_ENABLE_DEBUG_INFO = NO;
				SDKROOT = iphoneos;
				SWIFT_COMPILATION_MODE = wholemodule;
				SWIFT_OPTIMIZATION_LEVEL = "-O";
				VALIDATE_PRODUCT = YES;
			};
			name = Release;
		};
		224E52FC2077238700EA8983 /* Debug */ = {
			isa = XCBuildConfiguration;
			buildSettings = {
				ASSETCATALOG_COMPILER_APPICON_NAME = AppIcon;
				CODE_SIGN_STYLE = Automatic;
				INFOPLIST_FILE = quiz/Info.plist;
				LD_RUNPATH_SEARCH_PATHS = (
					"$(inherited)",
					"@executable_path/Frameworks",
				);
				PRODUCT_BUNDLE_IDENTIFIER = a.quiz;
				PRODUCT_NAME = "$(TARGET_NAME)";
				SWIFT_VERSION = 4.0;
				TARGETED_DEVICE_FAMILY = "1,2";
			};
			name = Debug;
		};
		224E52FD2077238700EA8983 /* Release */ = {
			isa = XCBuildConfiguration;
			buildSettings = {
				ASSETCATALOG_COMPILER_APPICON_NAME = AppIcon;
				CODE_SIGN_STYLE = Automatic;
				INFOPLIST_FILE = quiz/Info.plist;
				LD_RUNPATH_SEARCH_PATHS = (
					"$(inherited)",
					"@executable_path/Frameworks",
				);
				PRODUCT_BUNDLE_IDENTIFIER = a.quiz;
				PRODUCT_NAME = "$(TARGET_NAME)";
				SWIFT_VERSION = 4.0;
				TARGETED_DEVICE_FAMILY = "1,2";
			};
			name = Release;
		};
		224E52FF2077238700EA8983 /* Debug */ = {
			isa = XCBuildConfiguration;
			buildSettings = {
				ALWAYS_EMBED_SWIFT_STANDARD_LIBRARIES = YES;
				BUNDLE_LOADER = "$(TEST_HOST)";
				CODE_SIGN_STYLE = Automatic;
				INFOPLIST_FILE = quizTests/Info.plist;
				LD_RUNPATH_SEARCH_PATHS = (
					"$(inherited)",
					"@executable_path/Frameworks",
					"@loader_path/Frameworks",
				);
				PRODUCT_BUNDLE_IDENTIFIER = a.quizTests;
				PRODUCT_NAME = "$(TARGET_NAME)";
				SWIFT_VERSION = 4.0;
				TARGETED_DEVICE_FAMILY = "1,2";
				TEST_HOST = "$(BUILT_PRODUCTS_DIR)/quiz.app/quiz";
			};
			name = Debug;
		};
		224E53002077238700EA8983 /* Release */ = {
			isa = XCBuildConfiguration;
			buildSettings = {
				ALWAYS_EMBED_SWIFT_STANDARD_LIBRARIES = YES;
				BUNDLE_LOADER = "$(TEST_HOST)";
				CODE_SIGN_STYLE = Automatic;
				INFOPLIST_FILE = quizTests/Info.plist;
				LD_RUNPATH_SEARCH_PATHS = (
					"$(inherited)",
					"@executable_path/Frameworks",
					"@loader_path/Frameworks",
				);
				PRODUCT_BUNDLE_IDENTIFIER = a.quizTests;
				PRODUCT_NAME = "$(TARGET_NAME)";
				SWIFT_VERSION = 4.0;
				TARGETED_DEVICE_FAMILY = "1,2";
				TEST_HOST = "$(BUILT_PRODUCTS_DIR)/quiz.app/quiz";
			};
			name = Release;
		};
		224E53022077238700EA8983 /* Debug */ = {
			isa = XCBuildConfiguration;
			buildSettings = {
				ALWAYS_EMBED_SWIFT_STANDARD_LIBRARIES = YES;
				CODE_SIGN_STYLE = Automatic;
				INFOPLIST_FILE = quizUITests/Info.plist;
				LD_RUNPATH_SEARCH_PATHS = (
					"$(inherited)",
					"@executable_path/Frameworks",
					"@loader_path/Frameworks",
				);
				PRODUCT_BUNDLE_IDENTIFIER = a.quizUITests;
				PRODUCT_NAME = "$(TARGET_NAME)";
				SWIFT_VERSION = 4.0;
				TARGETED_DEVICE_FAMILY = "1,2";
				TEST_TARGET_NAME = quiz;
			};
			name = Debug;
		};
		224E53032077238700EA8983 /* Release */ = {
			isa = XCBuildConfiguration;
			buildSettings = {
				ALWAYS_EMBED_SWIFT_STANDARD_LIBRARIES = YES;
				CODE_SIGN_STYLE = Automatic;
				INFOPLIST_FILE = quizUITests/Info.plist;
				LD_RUNPATH_SEARCH_PATHS = (
					"$(inherited)",
					"@executable_path/Frameworks",
					"@loader_path/Frameworks",
				);
				PRODUCT_BUNDLE_IDENTIFIER = a.quizUITests;
				PRODUCT_NAME = "$(TARGET_NAME)";
				SWIFT_VERSION = 4.0;
				TARGETED_DEVICE_FAMILY = "1,2";
				TEST_TARGET_NAME = quiz;
			};
			name = Release;
		};
/* End XCBuildConfiguration section */

/* Begin XCConfigurationList section */
		224E52CE2077237D00EA8983 /* Build configuration list for PBXProject "quiz" */ = {
			isa = XCConfigurationList;
			buildConfigurations = (
				224E52F92077238700EA8983 /* Debug */,
				224E52FA2077238700EA8983 /* Release */,
			);
			defaultConfigurationIsVisible = 0;
			defaultConfigurationName = Release;
		};
		224E52FB2077238700EA8983 /* Build configuration list for PBXNativeTarget "quiz" */ = {
			isa = XCConfigurationList;
			buildConfigurations = (
				224E52FC2077238700EA8983 /* Debug */,
				224E52FD2077238700EA8983 /* Release */,
			);
			defaultConfigurationIsVisible = 0;
			defaultConfigurationName = Release;
		};
		224E52FE2077238700EA8983 /* Build configuration list for PBXNativeTarget "quizTests" */ = {
			isa = XCConfigurationList;
			buildConfigurations = (
				224E52FF2077238700EA8983 /* Debug */,
				224E53002077238700EA8983 /* Release */,
			);
			defaultConfigurationIsVisible = 0;
			defaultConfigurationName = Release;
		};
		224E53012077238700EA8983 /* Build configuration list for PBXNativeTarget "quizUITests" */ = {
			isa = XCConfigurationList;
			buildConfigurations = (
				224E53022077238700EA8983 /* Debug */,
				224E53032077238700EA8983 /* Release */,
			);
			defaultConfigurationIsVisible = 0;
			defaultConfigurationName = Release;
		};
/* End XCConfigurationList section */
	};
	rootObject = 224E52CB2077237D00EA8983 /* Project object */;
}
